
Microsoft Visual Studio Solution File, Format Version 12.00
# Visual Studio Version 17
VisualStudioVersion = 17.2.32630.192
MinimumVisualStudioVersion = 10.0.40219.1
Project("{FAE04EC0-301F-11D3-BF4B-00C04F79EFBC}") = "CS lesson 5", "CS lesson 5\CS lesson 5.csproj", "{92C51C9E-9820-4D68-8030-B515E43848E0}"
EndProject
Global
	GlobalSection(SolutionConfigurationPlatforms) = preSolution
		Debug|Any CPU = Debug|Any CPU
		Release|Any CPU = Release|Any CPU
	EndGlobalSection
	GlobalSection(ProjectConfigurationPlatforms) = postSolution
		{92C51C9E-9820-4D68-8030-B515E43848E0}.Debug|Any CPU.ActiveCfg = Debug|Any CPU
		{92C51C9E-9820-4D68-8030-B515E43848E0}.Debug|Any CPU.Build.0 = Debug|Any CPU
		{92C51C9E-9820-4D68-8030-B515E43848E0}.Release|Any CPU.ActiveCfg = Release|Any CPU
		{92C51C9E-9820-4D68-8030-B515E43848E0}.Release|Any CPU.Build.0 = Release|Any CPU
	EndGlobalSection
	GlobalSection(SolutionProperties) = preSolution
		HideSolutionNode = FALSE
	EndGlobalSection
	GlobalSection(ExtensibilityGlobals) = postSolution
		SolutionGuid = {F03B33B5-98CB-4154-A7F2-683F0AA830F0}
	EndGlobalSection
EndGlobal
